{
  "version": "3",
  "remote": {
    "https://deno.land/std@0.182.0/_util/asserts.ts": "178dfc49a464aee693a7e285567b3d0b555dc805ff490505a8aae34f9cfb1462",
    "https://deno.land/std@0.204.0/assert/_constants.ts": "8a9da298c26750b28b326b297316cdde860bc237533b07e1337c021379e6b2a9",
    "https://deno.land/std@0.204.0/assert/_diff.ts": "58e1461cc61d8eb1eacbf2a010932bf6a05b79344b02ca38095f9b805795dc48",
    "https://deno.land/std@0.204.0/assert/_format.ts": "a69126e8a469009adf4cf2a50af889aca364c349797e63174884a52ff75cf4c7",
    "https://deno.land/std@0.204.0/assert/assert.ts": "9a97dad6d98c238938e7540736b826440ad8c1c1e54430ca4c4e623e585607ee",
    "https://deno.land/std@0.204.0/assert/assert_array_includes.ts": "6856d7f2c3544bc6e62fb4646dfefa3d1df5ff14744d1bca19f0cbaf3b0d66c9",
    "https://deno.land/std@0.204.0/assert/assert_equals.ts": "d8ec8a22447fbaf2fc9d7c3ed2e66790fdb74beae3e482855d75782218d68227",
    "https://deno.land/std@0.204.0/assert/assert_not_equals.ts": "9f1acab95bd1f5fc9a1b17b8027d894509a745d91bac1718fdab51dc76831754",
    "https://deno.land/std@0.204.0/assert/assertion_error.ts": "4d0bde9b374dfbcbe8ac23f54f567b77024fb67dbb1906a852d67fe050d42f56",
    "https://deno.land/std@0.204.0/assert/equal.ts": "9f1a46d5993966d2596c44e5858eec821859b45f783a5ee2f7a695dfc12d8ece",
    "https://deno.land/std@0.204.0/fmt/colors.ts": "c51c4642678eb690dcf5ffee5918b675bf01a33fba82acf303701ae1a4f8c8d9",
    "https://deno.land/x/chalkpot_color@1.0.1/advanced_color.ts": "281a42b2b018ab2c4b8f6beac0495b3585d3422d61157efda8be4966a0da15d6",
    "https://deno.land/x/chalkpot_color@1.0.1/color.ts": "74cc5640b76c325465f52445fa7e4399fdb4cd902913ba2e62fd584c0835bd0d",
    "https://deno.land/x/chalkpot_color@1.0.1/color/mod.ts": "60bd2016fb35828c2440d57e24bb3aa62d442c98606d098f54f53bbbdac4dbb2",
    "https://deno.land/x/chalkpot_color@1.0.1/color/rgb.ts": "a36f910f0574ca4a62072fd46ed5260a3c86c8993c13be91fa4774506bbf8555",
    "https://deno.land/x/chalkpot_color@1.0.1/color/rgb_color_wheel.ts": "f5b2548cabcefec14cfe98740deec98c08e47f1bc35d5bf2c195835170c2fb5e",
    "https://deno.land/x/chalkpot_color@1.0.1/color_component.ts": "d22cd179b3d81fc617ea463829951da7e00f7487c8872ac5db9155d95a454bc0",
    "https://deno.land/x/chalkpot_color@1.0.1/color_effects/discolor.ts": "30524f7ac34c8ce8ac05af596b1b994f2866735823fdf776afdfa12f8031dfae",
    "https://deno.land/x/chalkpot_color@1.0.1/color_effects/invert_color.ts": "9227c7a3c2410ad600693a2b5f762ac5fe9ca3a1c5b84f19e409a43b08e07a62",
    "https://deno.land/x/chalkpot_color@1.0.1/color_effects/mix_colors.ts": "45c9c6ddc1dd5927f2998e92a30dc28c2d7e4169162b168e7c767b14f68c9329",
    "https://deno.land/x/chalkpot_color@1.0.1/color_effects/mod.ts": "65043f575c79dc3e491461a291debaaae786c68011302261815318d1c3583c2f",
    "https://deno.land/x/chalkpot_color@1.0.1/color_effects/subtract_colors.ts": "f9a09b7ec97a57b56b7243b18ef1ff955da7cd0e8d4a5d75b2af6ea2cdd7a541",
    "https://deno.land/x/chalkpot_color@1.0.1/color_effects/summarize_colors.ts": "e5d68118b354ce93fec8173678442b3088748bad1bf80abcc09f03c2636bc83d",
    "https://deno.land/x/chalkpot_color@1.0.1/mod.ts": "09ae53e674f3f2f7b7a13f7e400ac76ec0e0289056ae2cd62eb7a54247b2f90e",
    "https://deno.land/x/chalkpot_color@1.0.1/util.ts": "185e68b58044bef312cbcfe2f8c9f08b46ad104c022d214c14625edf4c8c3127",
    "https://deno.land/x/chalkpot_color@1.1.0/advanced_color.ts": "9297c5cfdc86ad73efcf05d726030557279ffc128e7094d8f8708ba0143e846f",
    "https://deno.land/x/chalkpot_color@1.1.0/color.ts": "74cc5640b76c325465f52445fa7e4399fdb4cd902913ba2e62fd584c0835bd0d",
    "https://deno.land/x/chalkpot_color@1.1.0/color/mod.ts": "3d42ee9a6c6714a7d5426138cc62d8dc23dc2dae3f6d93cb261c939791cc892e",
    "https://deno.land/x/chalkpot_color@1.1.0/color/rgb.ts": "a36f910f0574ca4a62072fd46ed5260a3c86c8993c13be91fa4774506bbf8555",
    "https://deno.land/x/chalkpot_color@1.1.0/color/rgb_color_wheel.ts": "f5b2548cabcefec14cfe98740deec98c08e47f1bc35d5bf2c195835170c2fb5e",
    "https://deno.land/x/chalkpot_color@1.1.0/color/rgba.ts": "921fa757af7df0c8bd3c3e546871ec214af4a021e55186d57cec846848840af9",
    "https://deno.land/x/chalkpot_color@1.1.0/color_component.ts": "d22cd179b3d81fc617ea463829951da7e00f7487c8872ac5db9155d95a454bc0",
    "https://deno.land/x/chalkpot_color@1.1.0/color_effects/discolor.ts": "30524f7ac34c8ce8ac05af596b1b994f2866735823fdf776afdfa12f8031dfae",
    "https://deno.land/x/chalkpot_color@1.1.0/color_effects/invert_color.ts": "9227c7a3c2410ad600693a2b5f762ac5fe9ca3a1c5b84f19e409a43b08e07a62",
    "https://deno.land/x/chalkpot_color@1.1.0/color_effects/mix_colors.ts": "45c9c6ddc1dd5927f2998e92a30dc28c2d7e4169162b168e7c767b14f68c9329",
    "https://deno.land/x/chalkpot_color@1.1.0/color_effects/mod.ts": "65043f575c79dc3e491461a291debaaae786c68011302261815318d1c3583c2f",
    "https://deno.land/x/chalkpot_color@1.1.0/color_effects/subtract_colors.ts": "f9a09b7ec97a57b56b7243b18ef1ff955da7cd0e8d4a5d75b2af6ea2cdd7a541",
    "https://deno.land/x/chalkpot_color@1.1.0/color_effects/summarize_colors.ts": "e5d68118b354ce93fec8173678442b3088748bad1bf80abcc09f03c2636bc83d",
    "https://deno.land/x/chalkpot_color@1.1.0/mod.ts": "5abe54415451f4f5672b29f3c5c5bcf4ddb7a2593f7d60529605c70eae9823d2",
    "https://deno.land/x/chalkpot_color@1.1.0/util.ts": "185e68b58044bef312cbcfe2f8c9f08b46ad104c022d214c14625edf4c8c3127"
  }
}
